{
  "name": "shoespotITCP",
  "lockfileVersion": 3,
  "requires": true,
  "packages": {
    "": {
      "dependencies": {
        "@react-native-community/slider": "^4.5.6"
      }
    },
    "node_modules/@react-native-community/slider": {
      "version": "4.5.6",
      "resolved": "https://registry.npmjs.org/@react-native-community/slider/-/slider-4.5.6.tgz",
      "integrity": "sha512-UhLPFeqx0YfPLrEz8ffT3uqAyXWu6iqFjohNsbp4cOU7hnJwg2RXtDnYHoHMr7MOkZDVdlLMdrSrAuzY6KGqrg==",
      "license": "MIT"
    }
  }
}
